
Microsoft Visual Studio Solution File, Format Version 12.00
# Visual Studio 15
VisualStudioVersion = 15.0.28307.271
MinimumVisualStudioVersion = 10.0.40219.1
Project("{FAE04EC0-301F-11D3-BF4B-00C04F79EFBC}") = "Password-encryptor", "Password-encryptor\Password-encryptor.csproj", "{CFBFCD53-3A96-4743-9F83-0A3598315B7B}"
EndProject
Global
	GlobalSection(SolutionConfigurationPlatforms) = preSolution
		Debug|Any CPU = Debug|Any CPU
		Release|Any CPU = Release|Any CPU
	EndGlobalSection
	GlobalSection(ProjectConfigurationPlatforms) = postSolution
		{CFBFCD53-3A96-4743-9F83-0A3598315B7B}.Debug|Any CPU.ActiveCfg = Debug|Any CPU
		{CFBFCD53-3A96-4743-9F83-0A3598315B7B}.Debug|Any CPU.Build.0 = Debug|Any CPU
		{CFBFCD53-3A96-4743-9F83-0A3598315B7B}.Release|Any CPU.ActiveCfg = Release|Any CPU
		{CFBFCD53-3A96-4743-9F83-0A3598315B7B}.Release|Any CPU.Build.0 = Release|Any CPU
	EndGlobalSection
	GlobalSection(SolutionProperties) = preSolution
		HideSolutionNode = FALSE
	EndGlobalSection
	GlobalSection(ExtensibilityGlobals) = postSolution
		SolutionGuid = {A3132059-89FD-4811-B4ED-6214604EE59A}
	EndGlobalSection
EndGlobal
